
Microsoft Visual Studio Solution File, Format Version 12.00
# Visual Studio Version 17
VisualStudioVersion = 17.9.34728.123
MinimumVisualStudioVersion = 10.0.40219.1
Project("{FAE04EC0-301F-11D3-BF4B-00C04F79EFBC}") = "CursoNelioAula90.9", "CursoNelioAula90.9\CursoNelioAula90.9.csproj", "{8912A767-274A-4C34-80A5-65153A347968}"
EndProject
Global
	GlobalSection(SolutionConfigurationPlatforms) = preSolution
		Debug|Any CPU = Debug|Any CPU
		Release|Any CPU = Release|Any CPU
	EndGlobalSection
	GlobalSection(ProjectConfigurationPlatforms) = postSolution
		{8912A767-274A-4C34-80A5-65153A347968}.Debug|Any CPU.ActiveCfg = Debug|Any CPU
		{8912A767-274A-4C34-80A5-65153A347968}.Debug|Any CPU.Build.0 = Debug|Any CPU
		{8912A767-274A-4C34-80A5-65153A347968}.Release|Any CPU.ActiveCfg = Release|Any CPU
		{8912A767-274A-4C34-80A5-65153A347968}.Release|Any CPU.Build.0 = Release|Any CPU
	EndGlobalSection
	GlobalSection(SolutionProperties) = preSolution
		HideSolutionNode = FALSE
	EndGlobalSection
	GlobalSection(ExtensibilityGlobals) = postSolution
		SolutionGuid = {903B91C6-F434-4FB0-ADC7-38E93228523E}
	EndGlobalSection
EndGlobal
