
Microsoft Visual Studio Solution File, Format Version 12.00
# Visual Studio Version 17
VisualStudioVersion = 17.10.35004.147
MinimumVisualStudioVersion = 10.0.40219.1
Project("{FAE04EC0-301F-11D3-BF4B-00C04F79EFBC}") = "Projeto_Xadrez_Curso_Nelio_Aula184.0", "Projeto_Xadrez_Curso_Nelio_Aula184.0.csproj", "{BAB3D056-8A1B-4F68-82A1-51327CAEB47E}"
EndProject
Global
	GlobalSection(SolutionConfigurationPlatforms) = preSolution
		Debug|Any CPU = Debug|Any CPU
		Release|Any CPU = Release|Any CPU
	EndGlobalSection
	GlobalSection(ProjectConfigurationPlatforms) = postSolution
		{BAB3D056-8A1B-4F68-82A1-51327CAEB47E}.Debug|Any CPU.ActiveCfg = Debug|Any CPU
		{BAB3D056-8A1B-4F68-82A1-51327CAEB47E}.Debug|Any CPU.Build.0 = Debug|Any CPU
		{BAB3D056-8A1B-4F68-82A1-51327CAEB47E}.Release|Any CPU.ActiveCfg = Release|Any CPU
		{BAB3D056-8A1B-4F68-82A1-51327CAEB47E}.Release|Any CPU.Build.0 = Release|Any CPU
	EndGlobalSection
	GlobalSection(SolutionProperties) = preSolution
		HideSolutionNode = FALSE
	EndGlobalSection
	GlobalSection(ExtensibilityGlobals) = postSolution
		SolutionGuid = {9FA12C81-3386-4978-A658-40B80CA1C880}
	EndGlobalSection
EndGlobal
