
Microsoft Visual Studio Solution File, Format Version 12.00
# Visual Studio Version 17
VisualStudioVersion = 17.9.34728.123
MinimumVisualStudioVersion = 10.0.40219.1
Project("{FAE04EC0-301F-11D3-BF4B-00C04F79EFBC}") = "CursoNelioAula91.11", "CursoNelioAula91.11\CursoNelioAula91.11.csproj", "{983F0AF3-59EF-48C4-A847-9E701C547356}"
EndProject
Global
	GlobalSection(SolutionConfigurationPlatforms) = preSolution
		Debug|Any CPU = Debug|Any CPU
		Release|Any CPU = Release|Any CPU
	EndGlobalSection
	GlobalSection(ProjectConfigurationPlatforms) = postSolution
		{983F0AF3-59EF-48C4-A847-9E701C547356}.Debug|Any CPU.ActiveCfg = Debug|Any CPU
		{983F0AF3-59EF-48C4-A847-9E701C547356}.Debug|Any CPU.Build.0 = Debug|Any CPU
		{983F0AF3-59EF-48C4-A847-9E701C547356}.Release|Any CPU.ActiveCfg = Release|Any CPU
		{983F0AF3-59EF-48C4-A847-9E701C547356}.Release|Any CPU.Build.0 = Release|Any CPU
	EndGlobalSection
	GlobalSection(SolutionProperties) = preSolution
		HideSolutionNode = FALSE
	EndGlobalSection
	GlobalSection(ExtensibilityGlobals) = postSolution
		SolutionGuid = {CACC8221-A3C0-4FE9-92C8-8F00007CED4B}
	EndGlobalSection
EndGlobal
