
Microsoft Visual Studio Solution File, Format Version 12.00
# Visual Studio Version 17
VisualStudioVersion = 17.9.34728.123
MinimumVisualStudioVersion = 10.0.40219.1
Project("{FAE04EC0-301F-11D3-BF4B-00C04F79EFBC}") = "CursoNelioAula22.1", "CursoNelioAula22.1\CursoNelioAula22.1.csproj", "{F3A848F8-4A2C-49D6-BFE6-002A16042E83}"
EndProject
Global
	GlobalSection(SolutionConfigurationPlatforms) = preSolution
		Debug|Any CPU = Debug|Any CPU
		Release|Any CPU = Release|Any CPU
	EndGlobalSection
	GlobalSection(ProjectConfigurationPlatforms) = postSolution
		{F3A848F8-4A2C-49D6-BFE6-002A16042E83}.Debug|Any CPU.ActiveCfg = Debug|Any CPU
		{F3A848F8-4A2C-49D6-BFE6-002A16042E83}.Debug|Any CPU.Build.0 = Debug|Any CPU
		{F3A848F8-4A2C-49D6-BFE6-002A16042E83}.Release|Any CPU.ActiveCfg = Release|Any CPU
		{F3A848F8-4A2C-49D6-BFE6-002A16042E83}.Release|Any CPU.Build.0 = Release|Any CPU
	EndGlobalSection
	GlobalSection(SolutionProperties) = preSolution
		HideSolutionNode = FALSE
	EndGlobalSection
	GlobalSection(ExtensibilityGlobals) = postSolution
		SolutionGuid = {78865FC2-B2A9-427A-A31E-933F7B242950}
	EndGlobalSection
EndGlobal
