
Microsoft Visual Studio Solution File, Format Version 12.00
# Visual Studio Version 17
VisualStudioVersion = 17.9.34728.123
MinimumVisualStudioVersion = 10.0.40219.1
Project("{FAE04EC0-301F-11D3-BF4B-00C04F79EFBC}") = "CursoNelioAula31.0", "CursoNelioAula31.0\CursoNelioAula31.0.csproj", "{4EFBC6FD-BBC3-4D74-BEF4-B153B9FA292B}"
EndProject
Global
	GlobalSection(SolutionConfigurationPlatforms) = preSolution
		Debug|Any CPU = Debug|Any CPU
		Release|Any CPU = Release|Any CPU
	EndGlobalSection
	GlobalSection(ProjectConfigurationPlatforms) = postSolution
		{4EFBC6FD-BBC3-4D74-BEF4-B153B9FA292B}.Debug|Any CPU.ActiveCfg = Debug|Any CPU
		{4EFBC6FD-BBC3-4D74-BEF4-B153B9FA292B}.Debug|Any CPU.Build.0 = Debug|Any CPU
		{4EFBC6FD-BBC3-4D74-BEF4-B153B9FA292B}.Release|Any CPU.ActiveCfg = Release|Any CPU
		{4EFBC6FD-BBC3-4D74-BEF4-B153B9FA292B}.Release|Any CPU.Build.0 = Release|Any CPU
	EndGlobalSection
	GlobalSection(SolutionProperties) = preSolution
		HideSolutionNode = FALSE
	EndGlobalSection
	GlobalSection(ExtensibilityGlobals) = postSolution
		SolutionGuid = {E7186ABC-EF1B-403A-93AC-175EE4B7CB83}
	EndGlobalSection
EndGlobal
