
Microsoft Visual Studio Solution File, Format Version 12.00
# Visual Studio Version 17
VisualStudioVersion = 17.9.34728.123
MinimumVisualStudioVersion = 10.0.40219.1
Project("{FAE04EC0-301F-11D3-BF4B-00C04F79EFBC}") = "CursoNelioAula90.5", "CursoNelioAula90.5\CursoNelioAula90.5.csproj", "{BF8DFBA3-DFA8-4FCD-82B6-377539610D70}"
EndProject
Global
	GlobalSection(SolutionConfigurationPlatforms) = preSolution
		Debug|Any CPU = Debug|Any CPU
		Release|Any CPU = Release|Any CPU
	EndGlobalSection
	GlobalSection(ProjectConfigurationPlatforms) = postSolution
		{BF8DFBA3-DFA8-4FCD-82B6-377539610D70}.Debug|Any CPU.ActiveCfg = Debug|Any CPU
		{BF8DFBA3-DFA8-4FCD-82B6-377539610D70}.Debug|Any CPU.Build.0 = Debug|Any CPU
		{BF8DFBA3-DFA8-4FCD-82B6-377539610D70}.Release|Any CPU.ActiveCfg = Release|Any CPU
		{BF8DFBA3-DFA8-4FCD-82B6-377539610D70}.Release|Any CPU.Build.0 = Release|Any CPU
	EndGlobalSection
	GlobalSection(SolutionProperties) = preSolution
		HideSolutionNode = FALSE
	EndGlobalSection
	GlobalSection(ExtensibilityGlobals) = postSolution
		SolutionGuid = {637BA493-4EB8-4C77-8FFC-C7AFC070061D}
	EndGlobalSection
EndGlobal
