
Microsoft Visual Studio Solution File, Format Version 12.00
# Visual Studio Version 17
VisualStudioVersion = 17.10.35004.147
MinimumVisualStudioVersion = 10.0.40219.1
Project("{FAE04EC0-301F-11D3-BF4B-00C04F79EFBC}") = "Projeto_Xadrez_Curso_Nelio_Aula163.0", "Projeto_Xadrez_Curso_Nelio_Aula163.0.csproj", "{02AA2153-0B0F-4195-9C84-230F7FD71CA9}"
EndProject
Global
	GlobalSection(SolutionConfigurationPlatforms) = preSolution
		Debug|Any CPU = Debug|Any CPU
		Release|Any CPU = Release|Any CPU
	EndGlobalSection
	GlobalSection(ProjectConfigurationPlatforms) = postSolution
		{02AA2153-0B0F-4195-9C84-230F7FD71CA9}.Debug|Any CPU.ActiveCfg = Debug|Any CPU
		{02AA2153-0B0F-4195-9C84-230F7FD71CA9}.Debug|Any CPU.Build.0 = Debug|Any CPU
		{02AA2153-0B0F-4195-9C84-230F7FD71CA9}.Release|Any CPU.ActiveCfg = Release|Any CPU
		{02AA2153-0B0F-4195-9C84-230F7FD71CA9}.Release|Any CPU.Build.0 = Release|Any CPU
	EndGlobalSection
	GlobalSection(SolutionProperties) = preSolution
		HideSolutionNode = FALSE
	EndGlobalSection
	GlobalSection(ExtensibilityGlobals) = postSolution
		SolutionGuid = {D6ECCAB8-3CBB-4669-A064-3AB9A7EF1EBA}
	EndGlobalSection
EndGlobal
