
Microsoft Visual Studio Solution File, Format Version 12.00
# Visual Studio Version 17
VisualStudioVersion = 17.9.34728.123
MinimumVisualStudioVersion = 10.0.40219.1
Project("{FAE04EC0-301F-11D3-BF4B-00C04F79EFBC}") = "CursoNelioAula89.4", "CursoNelioAula89.4\CursoNelioAula89.4.csproj", "{6859F4C1-569F-463E-9EF1-5BD97A5CF415}"
EndProject
Global
	GlobalSection(SolutionConfigurationPlatforms) = preSolution
		Debug|Any CPU = Debug|Any CPU
		Release|Any CPU = Release|Any CPU
	EndGlobalSection
	GlobalSection(ProjectConfigurationPlatforms) = postSolution
		{6859F4C1-569F-463E-9EF1-5BD97A5CF415}.Debug|Any CPU.ActiveCfg = Debug|Any CPU
		{6859F4C1-569F-463E-9EF1-5BD97A5CF415}.Debug|Any CPU.Build.0 = Debug|Any CPU
		{6859F4C1-569F-463E-9EF1-5BD97A5CF415}.Release|Any CPU.ActiveCfg = Release|Any CPU
		{6859F4C1-569F-463E-9EF1-5BD97A5CF415}.Release|Any CPU.Build.0 = Release|Any CPU
	EndGlobalSection
	GlobalSection(SolutionProperties) = preSolution
		HideSolutionNode = FALSE
	EndGlobalSection
	GlobalSection(ExtensibilityGlobals) = postSolution
		SolutionGuid = {D182AD34-F958-45EF-AEE7-A6D15D570BB2}
	EndGlobalSection
EndGlobal
