
Microsoft Visual Studio Solution File, Format Version 12.00
# Visual Studio Version 17
VisualStudioVersion = 17.9.34728.123
MinimumVisualStudioVersion = 10.0.40219.1
Project("{FAE04EC0-301F-11D3-BF4B-00C04F79EFBC}") = "CursoNelioAula89.7", "CursoNelioAula89.7\CursoNelioAula89.7.csproj", "{EC4580F7-E526-4F6C-8811-20301262EBFB}"
EndProject
Global
	GlobalSection(SolutionConfigurationPlatforms) = preSolution
		Debug|Any CPU = Debug|Any CPU
		Release|Any CPU = Release|Any CPU
	EndGlobalSection
	GlobalSection(ProjectConfigurationPlatforms) = postSolution
		{EC4580F7-E526-4F6C-8811-20301262EBFB}.Debug|Any CPU.ActiveCfg = Debug|Any CPU
		{EC4580F7-E526-4F6C-8811-20301262EBFB}.Debug|Any CPU.Build.0 = Debug|Any CPU
		{EC4580F7-E526-4F6C-8811-20301262EBFB}.Release|Any CPU.ActiveCfg = Release|Any CPU
		{EC4580F7-E526-4F6C-8811-20301262EBFB}.Release|Any CPU.Build.0 = Release|Any CPU
	EndGlobalSection
	GlobalSection(SolutionProperties) = preSolution
		HideSolutionNode = FALSE
	EndGlobalSection
	GlobalSection(ExtensibilityGlobals) = postSolution
		SolutionGuid = {689BA2FB-03B2-43F0-9130-617AA9A1CD77}
	EndGlobalSection
EndGlobal
