
Microsoft Visual Studio Solution File, Format Version 12.00
# Visual Studio Version 17
VisualStudioVersion = 17.9.34728.123
MinimumVisualStudioVersion = 10.0.40219.1
Project("{FAE04EC0-301F-11D3-BF4B-00C04F79EFBC}") = "CursoNelioAula80.1", "CursoNelioAula80.1\CursoNelioAula80.1.csproj", "{1EBBC146-7951-42A5-BA40-3DC437D0365E}"
EndProject
Global
	GlobalSection(SolutionConfigurationPlatforms) = preSolution
		Debug|Any CPU = Debug|Any CPU
		Release|Any CPU = Release|Any CPU
	EndGlobalSection
	GlobalSection(ProjectConfigurationPlatforms) = postSolution
		{1EBBC146-7951-42A5-BA40-3DC437D0365E}.Debug|Any CPU.ActiveCfg = Debug|Any CPU
		{1EBBC146-7951-42A5-BA40-3DC437D0365E}.Debug|Any CPU.Build.0 = Debug|Any CPU
		{1EBBC146-7951-42A5-BA40-3DC437D0365E}.Release|Any CPU.ActiveCfg = Release|Any CPU
		{1EBBC146-7951-42A5-BA40-3DC437D0365E}.Release|Any CPU.Build.0 = Release|Any CPU
	EndGlobalSection
	GlobalSection(SolutionProperties) = preSolution
		HideSolutionNode = FALSE
	EndGlobalSection
	GlobalSection(ExtensibilityGlobals) = postSolution
		SolutionGuid = {438E0F14-2021-4E47-9BD2-F7EB5F4910F2}
	EndGlobalSection
EndGlobal
