
Microsoft Visual Studio Solution File, Format Version 12.00
# Visual Studio Version 17
VisualStudioVersion = 17.9.34728.123
MinimumVisualStudioVersion = 10.0.40219.1
Project("{FAE04EC0-301F-11D3-BF4B-00C04F79EFBC}") = "CursoNelioAula70.0", "CursoNelioAula70.0\CursoNelioAula70.0.csproj", "{D5AEAA04-938F-4F36-9BEC-6CDFA974A3F6}"
EndProject
Global
	GlobalSection(SolutionConfigurationPlatforms) = preSolution
		Debug|Any CPU = Debug|Any CPU
		Release|Any CPU = Release|Any CPU
	EndGlobalSection
	GlobalSection(ProjectConfigurationPlatforms) = postSolution
		{D5AEAA04-938F-4F36-9BEC-6CDFA974A3F6}.Debug|Any CPU.ActiveCfg = Debug|Any CPU
		{D5AEAA04-938F-4F36-9BEC-6CDFA974A3F6}.Debug|Any CPU.Build.0 = Debug|Any CPU
		{D5AEAA04-938F-4F36-9BEC-6CDFA974A3F6}.Release|Any CPU.ActiveCfg = Release|Any CPU
		{D5AEAA04-938F-4F36-9BEC-6CDFA974A3F6}.Release|Any CPU.Build.0 = Release|Any CPU
	EndGlobalSection
	GlobalSection(SolutionProperties) = preSolution
		HideSolutionNode = FALSE
	EndGlobalSection
	GlobalSection(ExtensibilityGlobals) = postSolution
		SolutionGuid = {9D5AE98F-F1CE-4FB2-987A-B9E816B5B782}
	EndGlobalSection
EndGlobal
