
Microsoft Visual Studio Solution File, Format Version 12.00
# Visual Studio Version 17
VisualStudioVersion = 17.9.34728.123
MinimumVisualStudioVersion = 10.0.40219.1
Project("{FAE04EC0-301F-11D3-BF4B-00C04F79EFBC}") = "CursoNelioAula55.0", "CursoNelioAula55.0\CursoNelioAula55.0.csproj", "{78847F01-6DDC-44D8-B0ED-64B03B43E74C}"
EndProject
Global
	GlobalSection(SolutionConfigurationPlatforms) = preSolution
		Debug|Any CPU = Debug|Any CPU
		Release|Any CPU = Release|Any CPU
	EndGlobalSection
	GlobalSection(ProjectConfigurationPlatforms) = postSolution
		{78847F01-6DDC-44D8-B0ED-64B03B43E74C}.Debug|Any CPU.ActiveCfg = Debug|Any CPU
		{78847F01-6DDC-44D8-B0ED-64B03B43E74C}.Debug|Any CPU.Build.0 = Debug|Any CPU
		{78847F01-6DDC-44D8-B0ED-64B03B43E74C}.Release|Any CPU.ActiveCfg = Release|Any CPU
		{78847F01-6DDC-44D8-B0ED-64B03B43E74C}.Release|Any CPU.Build.0 = Release|Any CPU
	EndGlobalSection
	GlobalSection(SolutionProperties) = preSolution
		HideSolutionNode = FALSE
	EndGlobalSection
	GlobalSection(ExtensibilityGlobals) = postSolution
		SolutionGuid = {1CA78B85-ECC3-4F18-B211-9E12B14900D2}
	EndGlobalSection
EndGlobal
