
Microsoft Visual Studio Solution File, Format Version 12.00
# Visual Studio Version 17
VisualStudioVersion = 17.10.35004.147
MinimumVisualStudioVersion = 10.0.40219.1
Project("{FAE04EC0-301F-11D3-BF4B-00C04F79EFBC}") = "CursoNelioAula143.0", "CursoNelioAula143.0\CursoNelioAula143.0.csproj", "{494C9E69-1BFB-4224-942B-34DA98FD8662}"
EndProject
Global
	GlobalSection(SolutionConfigurationPlatforms) = preSolution
		Debug|Any CPU = Debug|Any CPU
		Release|Any CPU = Release|Any CPU
	EndGlobalSection
	GlobalSection(ProjectConfigurationPlatforms) = postSolution
		{494C9E69-1BFB-4224-942B-34DA98FD8662}.Debug|Any CPU.ActiveCfg = Debug|Any CPU
		{494C9E69-1BFB-4224-942B-34DA98FD8662}.Debug|Any CPU.Build.0 = Debug|Any CPU
		{494C9E69-1BFB-4224-942B-34DA98FD8662}.Release|Any CPU.ActiveCfg = Release|Any CPU
		{494C9E69-1BFB-4224-942B-34DA98FD8662}.Release|Any CPU.Build.0 = Release|Any CPU
	EndGlobalSection
	GlobalSection(SolutionProperties) = preSolution
		HideSolutionNode = FALSE
	EndGlobalSection
	GlobalSection(ExtensibilityGlobals) = postSolution
		SolutionGuid = {A867D529-6A82-4680-A4F0-E5390B49FFE5}
	EndGlobalSection
EndGlobal
