
Microsoft Visual Studio Solution File, Format Version 12.00
# Visual Studio Version 17
VisualStudioVersion = 17.10.35122.118
MinimumVisualStudioVersion = 10.0.40219.1
Project("{9A19103F-16F7-4668-BE54-9A1E7A4F7556}") = "CursoNelio_Aula195.0", "CursoNelio_Aula195.0.csproj", "{290DF494-364D-4111-B1D8-03052D37B70B}"
EndProject
Global
	GlobalSection(SolutionConfigurationPlatforms) = preSolution
		Debug|Any CPU = Debug|Any CPU
		Release|Any CPU = Release|Any CPU
	EndGlobalSection
	GlobalSection(ProjectConfigurationPlatforms) = postSolution
		{290DF494-364D-4111-B1D8-03052D37B70B}.Debug|Any CPU.ActiveCfg = Debug|Any CPU
		{290DF494-364D-4111-B1D8-03052D37B70B}.Debug|Any CPU.Build.0 = Debug|Any CPU
		{290DF494-364D-4111-B1D8-03052D37B70B}.Release|Any CPU.ActiveCfg = Release|Any CPU
		{290DF494-364D-4111-B1D8-03052D37B70B}.Release|Any CPU.Build.0 = Release|Any CPU
	EndGlobalSection
	GlobalSection(SolutionProperties) = preSolution
		HideSolutionNode = FALSE
	EndGlobalSection
	GlobalSection(ExtensibilityGlobals) = postSolution
		SolutionGuid = {673A198F-8DC9-4AA6-BEC7-2A25E3CED8C0}
	EndGlobalSection
EndGlobal
