
Microsoft Visual Studio Solution File, Format Version 12.00
# Visual Studio Version 17
VisualStudioVersion = 17.9.34728.123
MinimumVisualStudioVersion = 10.0.40219.1
Project("{FAE04EC0-301F-11D3-BF4B-00C04F79EFBC}") = "CursoNelioEx4", "CursoNelioEx4\CursoNelioEx4.csproj", "{570F2B6F-7747-4C3E-820D-17CD60C46EE9}"
EndProject
Global
	GlobalSection(SolutionConfigurationPlatforms) = preSolution
		Debug|Any CPU = Debug|Any CPU
		Release|Any CPU = Release|Any CPU
	EndGlobalSection
	GlobalSection(ProjectConfigurationPlatforms) = postSolution
		{570F2B6F-7747-4C3E-820D-17CD60C46EE9}.Debug|Any CPU.ActiveCfg = Debug|Any CPU
		{570F2B6F-7747-4C3E-820D-17CD60C46EE9}.Debug|Any CPU.Build.0 = Debug|Any CPU
		{570F2B6F-7747-4C3E-820D-17CD60C46EE9}.Release|Any CPU.ActiveCfg = Release|Any CPU
		{570F2B6F-7747-4C3E-820D-17CD60C46EE9}.Release|Any CPU.Build.0 = Release|Any CPU
	EndGlobalSection
	GlobalSection(SolutionProperties) = preSolution
		HideSolutionNode = FALSE
	EndGlobalSection
	GlobalSection(ExtensibilityGlobals) = postSolution
		SolutionGuid = {34922B50-2982-4B95-9503-909405675D5E}
	EndGlobalSection
EndGlobal
