
Microsoft Visual Studio Solution File, Format Version 12.00
# Visual Studio Version 17
VisualStudioVersion = 17.10.35004.147
MinimumVisualStudioVersion = 10.0.40219.1
Project("{FAE04EC0-301F-11D3-BF4B-00C04F79EFBC}") = "Projeto_Xadrez_Curso_Nelio_Aula175.0", "Projeto_Xadrez_Curso_Nelio_Aula175.0.csproj", "{5A0E575A-5FC2-43CB-BE69-8675F9BEB9F1}"
EndProject
Global
	GlobalSection(SolutionConfigurationPlatforms) = preSolution
		Debug|Any CPU = Debug|Any CPU
		Release|Any CPU = Release|Any CPU
	EndGlobalSection
	GlobalSection(ProjectConfigurationPlatforms) = postSolution
		{5A0E575A-5FC2-43CB-BE69-8675F9BEB9F1}.Debug|Any CPU.ActiveCfg = Debug|Any CPU
		{5A0E575A-5FC2-43CB-BE69-8675F9BEB9F1}.Debug|Any CPU.Build.0 = Debug|Any CPU
		{5A0E575A-5FC2-43CB-BE69-8675F9BEB9F1}.Release|Any CPU.ActiveCfg = Release|Any CPU
		{5A0E575A-5FC2-43CB-BE69-8675F9BEB9F1}.Release|Any CPU.Build.0 = Release|Any CPU
	EndGlobalSection
	GlobalSection(SolutionProperties) = preSolution
		HideSolutionNode = FALSE
	EndGlobalSection
	GlobalSection(ExtensibilityGlobals) = postSolution
		SolutionGuid = {5F32B900-2371-49C8-9D87-F7FCF01A04CD}
	EndGlobalSection
EndGlobal
