
Microsoft Visual Studio Solution File, Format Version 12.00
# Visual Studio Version 17
VisualStudioVersion = 17.10.35027.167
MinimumVisualStudioVersion = 10.0.40219.1
Project("{FAE04EC0-301F-11D3-BF4B-00C04F79EFBC}") = "Projeto_Xadrez_Curso_Nelio_Aula191.0", "Projeto_Xadrez_Curso_Nelio_Aula191.0.csproj", "{ACB6C34C-213F-4734-9E57-F8C5969A15EC}"
EndProject
Global
	GlobalSection(SolutionConfigurationPlatforms) = preSolution
		Debug|Any CPU = Debug|Any CPU
		Release|Any CPU = Release|Any CPU
	EndGlobalSection
	GlobalSection(ProjectConfigurationPlatforms) = postSolution
		{ACB6C34C-213F-4734-9E57-F8C5969A15EC}.Debug|Any CPU.ActiveCfg = Debug|Any CPU
		{ACB6C34C-213F-4734-9E57-F8C5969A15EC}.Debug|Any CPU.Build.0 = Debug|Any CPU
		{ACB6C34C-213F-4734-9E57-F8C5969A15EC}.Release|Any CPU.ActiveCfg = Release|Any CPU
		{ACB6C34C-213F-4734-9E57-F8C5969A15EC}.Release|Any CPU.Build.0 = Release|Any CPU
	EndGlobalSection
	GlobalSection(SolutionProperties) = preSolution
		HideSolutionNode = FALSE
	EndGlobalSection
	GlobalSection(ExtensibilityGlobals) = postSolution
		SolutionGuid = {8325A51F-487D-490D-B580-476DA3E0EE08}
	EndGlobalSection
EndGlobal
