
Microsoft Visual Studio Solution File, Format Version 12.00
# Visual Studio Version 17
VisualStudioVersion = 17.9.34728.123
MinimumVisualStudioVersion = 10.0.40219.1
Project("{FAE04EC0-301F-11D3-BF4B-00C04F79EFBC}") = "CursoNelioAula27.1", "CursoNelioAula27.1\CursoNelioAula27.1.csproj", "{A18BD426-4293-4605-9993-0DC20EC8FEC8}"
EndProject
Global
	GlobalSection(SolutionConfigurationPlatforms) = preSolution
		Debug|Any CPU = Debug|Any CPU
		Release|Any CPU = Release|Any CPU
	EndGlobalSection
	GlobalSection(ProjectConfigurationPlatforms) = postSolution
		{A18BD426-4293-4605-9993-0DC20EC8FEC8}.Debug|Any CPU.ActiveCfg = Debug|Any CPU
		{A18BD426-4293-4605-9993-0DC20EC8FEC8}.Debug|Any CPU.Build.0 = Debug|Any CPU
		{A18BD426-4293-4605-9993-0DC20EC8FEC8}.Release|Any CPU.ActiveCfg = Release|Any CPU
		{A18BD426-4293-4605-9993-0DC20EC8FEC8}.Release|Any CPU.Build.0 = Release|Any CPU
	EndGlobalSection
	GlobalSection(SolutionProperties) = preSolution
		HideSolutionNode = FALSE
	EndGlobalSection
	GlobalSection(ExtensibilityGlobals) = postSolution
		SolutionGuid = {0FC4ED45-2D87-4479-A6B9-1E09C5DCFF9C}
	EndGlobalSection
EndGlobal
