
Microsoft Visual Studio Solution File, Format Version 12.00
# Visual Studio Version 17
VisualStudioVersion = 17.9.34728.123
MinimumVisualStudioVersion = 10.0.40219.1
Project("{FAE04EC0-301F-11D3-BF4B-00C04F79EFBC}") = "CursoNelioAula89.8", "CursoNelioAula89.8\CursoNelioAula89.8.csproj", "{01688D1E-1132-42CA-940B-6AC70F1046A6}"
EndProject
Global
	GlobalSection(SolutionConfigurationPlatforms) = preSolution
		Debug|Any CPU = Debug|Any CPU
		Release|Any CPU = Release|Any CPU
	EndGlobalSection
	GlobalSection(ProjectConfigurationPlatforms) = postSolution
		{01688D1E-1132-42CA-940B-6AC70F1046A6}.Debug|Any CPU.ActiveCfg = Debug|Any CPU
		{01688D1E-1132-42CA-940B-6AC70F1046A6}.Debug|Any CPU.Build.0 = Debug|Any CPU
		{01688D1E-1132-42CA-940B-6AC70F1046A6}.Release|Any CPU.ActiveCfg = Release|Any CPU
		{01688D1E-1132-42CA-940B-6AC70F1046A6}.Release|Any CPU.Build.0 = Release|Any CPU
	EndGlobalSection
	GlobalSection(SolutionProperties) = preSolution
		HideSolutionNode = FALSE
	EndGlobalSection
	GlobalSection(ExtensibilityGlobals) = postSolution
		SolutionGuid = {AE9B58B0-E3AE-491F-B2F9-97D9D56E962A}
	EndGlobalSection
EndGlobal
