
Microsoft Visual Studio Solution File, Format Version 12.00
# Visual Studio Version 17
VisualStudioVersion = 17.9.34728.123
MinimumVisualStudioVersion = 10.0.40219.1
Project("{FAE04EC0-301F-11D3-BF4B-00C04F79EFBC}") = "CursoNelioAula90.3", "CursoNelioAula90.3\CursoNelioAula90.3.csproj", "{7D92E29B-ED39-49C8-B73B-DC6B1659BB2F}"
EndProject
Global
	GlobalSection(SolutionConfigurationPlatforms) = preSolution
		Debug|Any CPU = Debug|Any CPU
		Release|Any CPU = Release|Any CPU
	EndGlobalSection
	GlobalSection(ProjectConfigurationPlatforms) = postSolution
		{7D92E29B-ED39-49C8-B73B-DC6B1659BB2F}.Debug|Any CPU.ActiveCfg = Debug|Any CPU
		{7D92E29B-ED39-49C8-B73B-DC6B1659BB2F}.Debug|Any CPU.Build.0 = Debug|Any CPU
		{7D92E29B-ED39-49C8-B73B-DC6B1659BB2F}.Release|Any CPU.ActiveCfg = Release|Any CPU
		{7D92E29B-ED39-49C8-B73B-DC6B1659BB2F}.Release|Any CPU.Build.0 = Release|Any CPU
	EndGlobalSection
	GlobalSection(SolutionProperties) = preSolution
		HideSolutionNode = FALSE
	EndGlobalSection
	GlobalSection(ExtensibilityGlobals) = postSolution
		SolutionGuid = {DD461171-0C6A-4F90-B752-1F1502D123D5}
	EndGlobalSection
EndGlobal
