
Microsoft Visual Studio Solution File, Format Version 12.00
# Visual Studio Version 17
VisualStudioVersion = 17.9.34728.123
MinimumVisualStudioVersion = 10.0.40219.1
Project("{FAE04EC0-301F-11D3-BF4B-00C04F79EFBC}") = "CursoNleioAula23.2", "CursoNleioAula23.2\CursoNleioAula23.2.csproj", "{698AD909-56EF-4DD4-A52D-9004B38B3937}"
EndProject
Global
	GlobalSection(SolutionConfigurationPlatforms) = preSolution
		Debug|Any CPU = Debug|Any CPU
		Release|Any CPU = Release|Any CPU
	EndGlobalSection
	GlobalSection(ProjectConfigurationPlatforms) = postSolution
		{698AD909-56EF-4DD4-A52D-9004B38B3937}.Debug|Any CPU.ActiveCfg = Debug|Any CPU
		{698AD909-56EF-4DD4-A52D-9004B38B3937}.Debug|Any CPU.Build.0 = Debug|Any CPU
		{698AD909-56EF-4DD4-A52D-9004B38B3937}.Release|Any CPU.ActiveCfg = Release|Any CPU
		{698AD909-56EF-4DD4-A52D-9004B38B3937}.Release|Any CPU.Build.0 = Release|Any CPU
	EndGlobalSection
	GlobalSection(SolutionProperties) = preSolution
		HideSolutionNode = FALSE
	EndGlobalSection
	GlobalSection(ExtensibilityGlobals) = postSolution
		SolutionGuid = {935B2112-C183-425C-A53F-393C3B074074}
	EndGlobalSection
EndGlobal
