
Microsoft Visual Studio Solution File, Format Version 12.00
# Visual Studio Version 17
VisualStudioVersion = 17.9.34728.123
MinimumVisualStudioVersion = 10.0.40219.1
Project("{FAE04EC0-301F-11D3-BF4B-00C04F79EFBC}") = "CursoNelioAula54.0", "CursoNelioAula54.0\CursoNelioAula54.0.csproj", "{5E12E88B-C02B-4C00-A18D-82FA729F012A}"
EndProject
Global
	GlobalSection(SolutionConfigurationPlatforms) = preSolution
		Debug|Any CPU = Debug|Any CPU
		Release|Any CPU = Release|Any CPU
	EndGlobalSection
	GlobalSection(ProjectConfigurationPlatforms) = postSolution
		{5E12E88B-C02B-4C00-A18D-82FA729F012A}.Debug|Any CPU.ActiveCfg = Debug|Any CPU
		{5E12E88B-C02B-4C00-A18D-82FA729F012A}.Debug|Any CPU.Build.0 = Debug|Any CPU
		{5E12E88B-C02B-4C00-A18D-82FA729F012A}.Release|Any CPU.ActiveCfg = Release|Any CPU
		{5E12E88B-C02B-4C00-A18D-82FA729F012A}.Release|Any CPU.Build.0 = Release|Any CPU
	EndGlobalSection
	GlobalSection(SolutionProperties) = preSolution
		HideSolutionNode = FALSE
	EndGlobalSection
	GlobalSection(ExtensibilityGlobals) = postSolution
		SolutionGuid = {9AFD6BB0-82EC-4CA8-8B68-983DF7A0B120}
	EndGlobalSection
EndGlobal
