
Microsoft Visual Studio Solution File, Format Version 12.00
# Visual Studio Version 17
VisualStudioVersion = 17.9.34728.123
MinimumVisualStudioVersion = 10.0.40219.1
Project("{FAE04EC0-301F-11D3-BF4B-00C04F79EFBC}") = "CursoNelioAula77.3", "CursoNelioAula77.3\CursoNelioAula77.3.csproj", "{45AA2F23-C5D8-4E9B-977A-F946AF9BAE82}"
EndProject
Global
	GlobalSection(SolutionConfigurationPlatforms) = preSolution
		Debug|Any CPU = Debug|Any CPU
		Release|Any CPU = Release|Any CPU
	EndGlobalSection
	GlobalSection(ProjectConfigurationPlatforms) = postSolution
		{45AA2F23-C5D8-4E9B-977A-F946AF9BAE82}.Debug|Any CPU.ActiveCfg = Debug|Any CPU
		{45AA2F23-C5D8-4E9B-977A-F946AF9BAE82}.Debug|Any CPU.Build.0 = Debug|Any CPU
		{45AA2F23-C5D8-4E9B-977A-F946AF9BAE82}.Release|Any CPU.ActiveCfg = Release|Any CPU
		{45AA2F23-C5D8-4E9B-977A-F946AF9BAE82}.Release|Any CPU.Build.0 = Release|Any CPU
	EndGlobalSection
	GlobalSection(SolutionProperties) = preSolution
		HideSolutionNode = FALSE
	EndGlobalSection
	GlobalSection(ExtensibilityGlobals) = postSolution
		SolutionGuid = {A49EC049-1DFA-453B-BC70-5D606143B6BD}
	EndGlobalSection
EndGlobal
