
Microsoft Visual Studio Solution File, Format Version 12.00
# Visual Studio Version 17
VisualStudioVersion = 17.9.34728.123
MinimumVisualStudioVersion = 10.0.40219.1
Project("{FAE04EC0-301F-11D3-BF4B-00C04F79EFBC}") = "CursoNelioAula32.0", "CursoNelioAula32.0\CursoNelioAula32.0.csproj", "{58916E57-1CA2-4DF0-AC81-F37BAA7C9981}"
EndProject
Global
	GlobalSection(SolutionConfigurationPlatforms) = preSolution
		Debug|Any CPU = Debug|Any CPU
		Release|Any CPU = Release|Any CPU
	EndGlobalSection
	GlobalSection(ProjectConfigurationPlatforms) = postSolution
		{58916E57-1CA2-4DF0-AC81-F37BAA7C9981}.Debug|Any CPU.ActiveCfg = Debug|Any CPU
		{58916E57-1CA2-4DF0-AC81-F37BAA7C9981}.Debug|Any CPU.Build.0 = Debug|Any CPU
		{58916E57-1CA2-4DF0-AC81-F37BAA7C9981}.Release|Any CPU.ActiveCfg = Release|Any CPU
		{58916E57-1CA2-4DF0-AC81-F37BAA7C9981}.Release|Any CPU.Build.0 = Release|Any CPU
	EndGlobalSection
	GlobalSection(SolutionProperties) = preSolution
		HideSolutionNode = FALSE
	EndGlobalSection
	GlobalSection(ExtensibilityGlobals) = postSolution
		SolutionGuid = {8D3130CC-7301-4105-BA7C-22BEA9F8B497}
	EndGlobalSection
EndGlobal
