
Microsoft Visual Studio Solution File, Format Version 12.00
# Visual Studio Version 17
VisualStudioVersion = 17.9.34728.123
MinimumVisualStudioVersion = 10.0.40219.1
Project("{FAE04EC0-301F-11D3-BF4B-00C04F79EFBC}") = "CursoNelioAula91.2", "CursoNelioAula91.2\CursoNelioAula91.2.csproj", "{BA3CF5B2-8056-428D-9587-93C19C55BF6E}"
EndProject
Global
	GlobalSection(SolutionConfigurationPlatforms) = preSolution
		Debug|Any CPU = Debug|Any CPU
		Release|Any CPU = Release|Any CPU
	EndGlobalSection
	GlobalSection(ProjectConfigurationPlatforms) = postSolution
		{BA3CF5B2-8056-428D-9587-93C19C55BF6E}.Debug|Any CPU.ActiveCfg = Debug|Any CPU
		{BA3CF5B2-8056-428D-9587-93C19C55BF6E}.Debug|Any CPU.Build.0 = Debug|Any CPU
		{BA3CF5B2-8056-428D-9587-93C19C55BF6E}.Release|Any CPU.ActiveCfg = Release|Any CPU
		{BA3CF5B2-8056-428D-9587-93C19C55BF6E}.Release|Any CPU.Build.0 = Release|Any CPU
	EndGlobalSection
	GlobalSection(SolutionProperties) = preSolution
		HideSolutionNode = FALSE
	EndGlobalSection
	GlobalSection(ExtensibilityGlobals) = postSolution
		SolutionGuid = {E93E989C-99AA-4E4F-B3A8-0CAB9DB4CFD8}
	EndGlobalSection
EndGlobal
