
Microsoft Visual Studio Solution File, Format Version 12.00
# Visual Studio Version 17
VisualStudioVersion = 17.9.34728.123
MinimumVisualStudioVersion = 10.0.40219.1
Project("{FAE04EC0-301F-11D3-BF4B-00C04F79EFBC}") = "CursoNelioAula43.0", "CursoNelioAula43.0\CursoNelioAula43.0.csproj", "{458D242F-2EB1-40FA-9A98-38738989970E}"
EndProject
Global
	GlobalSection(SolutionConfigurationPlatforms) = preSolution
		Debug|Any CPU = Debug|Any CPU
		Release|Any CPU = Release|Any CPU
	EndGlobalSection
	GlobalSection(ProjectConfigurationPlatforms) = postSolution
		{458D242F-2EB1-40FA-9A98-38738989970E}.Debug|Any CPU.ActiveCfg = Debug|Any CPU
		{458D242F-2EB1-40FA-9A98-38738989970E}.Debug|Any CPU.Build.0 = Debug|Any CPU
		{458D242F-2EB1-40FA-9A98-38738989970E}.Release|Any CPU.ActiveCfg = Release|Any CPU
		{458D242F-2EB1-40FA-9A98-38738989970E}.Release|Any CPU.Build.0 = Release|Any CPU
	EndGlobalSection
	GlobalSection(SolutionProperties) = preSolution
		HideSolutionNode = FALSE
	EndGlobalSection
	GlobalSection(ExtensibilityGlobals) = postSolution
		SolutionGuid = {FE2CBDE6-D5EA-4DC9-BFD4-C9CF307934C3}
	EndGlobalSection
EndGlobal
