
Microsoft Visual Studio Solution File, Format Version 12.00
# Visual Studio Version 17
VisualStudioVersion = 17.10.35122.118
MinimumVisualStudioVersion = 10.0.40219.1
Project("{FAE04EC0-301F-11D3-BF4B-00C04F79EFBC}") = "Projeto_Xadrez_Curso_Nelio_Aula196.0", "Projeto_Xadrez_Curso_Nelio_Aula196.0.csproj", "{8D132798-8F8E-4C66-BB13-DB4AD71CC1DA}"
EndProject
Global
	GlobalSection(SolutionConfigurationPlatforms) = preSolution
		Debug|Any CPU = Debug|Any CPU
		Release|Any CPU = Release|Any CPU
	EndGlobalSection
	GlobalSection(ProjectConfigurationPlatforms) = postSolution
		{8D132798-8F8E-4C66-BB13-DB4AD71CC1DA}.Debug|Any CPU.ActiveCfg = Debug|Any CPU
		{8D132798-8F8E-4C66-BB13-DB4AD71CC1DA}.Debug|Any CPU.Build.0 = Debug|Any CPU
		{8D132798-8F8E-4C66-BB13-DB4AD71CC1DA}.Release|Any CPU.ActiveCfg = Release|Any CPU
		{8D132798-8F8E-4C66-BB13-DB4AD71CC1DA}.Release|Any CPU.Build.0 = Release|Any CPU
	EndGlobalSection
	GlobalSection(SolutionProperties) = preSolution
		HideSolutionNode = FALSE
	EndGlobalSection
	GlobalSection(ExtensibilityGlobals) = postSolution
		SolutionGuid = {C7101871-9F73-4D91-A5DF-C7B66B9B94EE}
	EndGlobalSection
EndGlobal
