
Microsoft Visual Studio Solution File, Format Version 12.00
# Visual Studio Version 17
VisualStudioVersion = 17.10.35122.118
MinimumVisualStudioVersion = 10.0.40219.1
Project("{FAE04EC0-301F-11D3-BF4B-00C04F79EFBC}") = "Projeto_Xadrez_Curso_Nelio_Aula198.0", "Projeto_Xadrez_Curso_Nelio_Aula198.0.csproj", "{4D22C0A5-7BFE-4585-A5E0-5F1213AD85BF}"
EndProject
Global
	GlobalSection(SolutionConfigurationPlatforms) = preSolution
		Debug|Any CPU = Debug|Any CPU
		Release|Any CPU = Release|Any CPU
	EndGlobalSection
	GlobalSection(ProjectConfigurationPlatforms) = postSolution
		{4D22C0A5-7BFE-4585-A5E0-5F1213AD85BF}.Debug|Any CPU.ActiveCfg = Debug|Any CPU
		{4D22C0A5-7BFE-4585-A5E0-5F1213AD85BF}.Debug|Any CPU.Build.0 = Debug|Any CPU
		{4D22C0A5-7BFE-4585-A5E0-5F1213AD85BF}.Release|Any CPU.ActiveCfg = Release|Any CPU
		{4D22C0A5-7BFE-4585-A5E0-5F1213AD85BF}.Release|Any CPU.Build.0 = Release|Any CPU
	EndGlobalSection
	GlobalSection(SolutionProperties) = preSolution
		HideSolutionNode = FALSE
	EndGlobalSection
	GlobalSection(ExtensibilityGlobals) = postSolution
		SolutionGuid = {94CC83E4-123E-44B5-88EA-BA006AFBFDDF}
	EndGlobalSection
EndGlobal
