
Microsoft Visual Studio Solution File, Format Version 12.00
# Visual Studio Version 17
VisualStudioVersion = 17.9.34728.123
MinimumVisualStudioVersion = 10.0.40219.1
Project("{FAE04EC0-301F-11D3-BF4B-00C04F79EFBC}") = "CursoNelioAula88.8", "CursoNelioAula88.8\CursoNelioAula88.8.csproj", "{9CFEF5AC-2B20-4963-B115-2ACC6690E6F2}"
EndProject
Global
	GlobalSection(SolutionConfigurationPlatforms) = preSolution
		Debug|Any CPU = Debug|Any CPU
		Release|Any CPU = Release|Any CPU
	EndGlobalSection
	GlobalSection(ProjectConfigurationPlatforms) = postSolution
		{9CFEF5AC-2B20-4963-B115-2ACC6690E6F2}.Debug|Any CPU.ActiveCfg = Debug|Any CPU
		{9CFEF5AC-2B20-4963-B115-2ACC6690E6F2}.Debug|Any CPU.Build.0 = Debug|Any CPU
		{9CFEF5AC-2B20-4963-B115-2ACC6690E6F2}.Release|Any CPU.ActiveCfg = Release|Any CPU
		{9CFEF5AC-2B20-4963-B115-2ACC6690E6F2}.Release|Any CPU.Build.0 = Release|Any CPU
	EndGlobalSection
	GlobalSection(SolutionProperties) = preSolution
		HideSolutionNode = FALSE
	EndGlobalSection
	GlobalSection(ExtensibilityGlobals) = postSolution
		SolutionGuid = {C9C23549-ED9D-41E7-AE4C-E920759BF134}
	EndGlobalSection
EndGlobal
