
Microsoft Visual Studio Solution File, Format Version 12.00
# Visual Studio Version 17
VisualStudioVersion = 17.9.34728.123
MinimumVisualStudioVersion = 10.0.40219.1
Project("{FAE04EC0-301F-11D3-BF4B-00C04F79EFBC}") = "CursoNelioAula77.2", "CursoNelioAula77.2\CursoNelioAula77.2.csproj", "{FC811D5F-3C9D-4DB7-9D5C-DAB4E092B50E}"
EndProject
Global
	GlobalSection(SolutionConfigurationPlatforms) = preSolution
		Debug|Any CPU = Debug|Any CPU
		Release|Any CPU = Release|Any CPU
	EndGlobalSection
	GlobalSection(ProjectConfigurationPlatforms) = postSolution
		{FC811D5F-3C9D-4DB7-9D5C-DAB4E092B50E}.Debug|Any CPU.ActiveCfg = Debug|Any CPU
		{FC811D5F-3C9D-4DB7-9D5C-DAB4E092B50E}.Debug|Any CPU.Build.0 = Debug|Any CPU
		{FC811D5F-3C9D-4DB7-9D5C-DAB4E092B50E}.Release|Any CPU.ActiveCfg = Release|Any CPU
		{FC811D5F-3C9D-4DB7-9D5C-DAB4E092B50E}.Release|Any CPU.Build.0 = Release|Any CPU
	EndGlobalSection
	GlobalSection(SolutionProperties) = preSolution
		HideSolutionNode = FALSE
	EndGlobalSection
	GlobalSection(ExtensibilityGlobals) = postSolution
		SolutionGuid = {8E8F70FB-6C5F-421D-97DC-79BD57B16A39}
	EndGlobalSection
EndGlobal
