
Microsoft Visual Studio Solution File, Format Version 12.00
# Visual Studio Version 17
VisualStudioVersion = 17.9.34728.123
MinimumVisualStudioVersion = 10.0.40219.1
Project("{FAE04EC0-301F-11D3-BF4B-00C04F79EFBC}") = "CursoNelioAula62.0", "CursoNelioAula62.0\CursoNelioAula62.0.csproj", "{B5E8E7C2-10AC-4DE2-93FE-0C2B79622C8F}"
EndProject
Global
	GlobalSection(SolutionConfigurationPlatforms) = preSolution
		Debug|Any CPU = Debug|Any CPU
		Release|Any CPU = Release|Any CPU
	EndGlobalSection
	GlobalSection(ProjectConfigurationPlatforms) = postSolution
		{B5E8E7C2-10AC-4DE2-93FE-0C2B79622C8F}.Debug|Any CPU.ActiveCfg = Debug|Any CPU
		{B5E8E7C2-10AC-4DE2-93FE-0C2B79622C8F}.Debug|Any CPU.Build.0 = Debug|Any CPU
		{B5E8E7C2-10AC-4DE2-93FE-0C2B79622C8F}.Release|Any CPU.ActiveCfg = Release|Any CPU
		{B5E8E7C2-10AC-4DE2-93FE-0C2B79622C8F}.Release|Any CPU.Build.0 = Release|Any CPU
	EndGlobalSection
	GlobalSection(SolutionProperties) = preSolution
		HideSolutionNode = FALSE
	EndGlobalSection
	GlobalSection(ExtensibilityGlobals) = postSolution
		SolutionGuid = {AFD8DFC8-E915-40A3-91A1-E8A8359BEF34}
	EndGlobalSection
EndGlobal
