
Microsoft Visual Studio Solution File, Format Version 12.00
# Visual Studio Version 17
VisualStudioVersion = 17.9.34728.123
MinimumVisualStudioVersion = 10.0.40219.1
Project("{FAE04EC0-301F-11D3-BF4B-00C04F79EFBC}") = "CursoNelioAula58.0", "CursoNelioAula58.0\CursoNelioAula58.0.csproj", "{4C4D80D6-3A57-4322-BA9C-11599F82B585}"
EndProject
Global
	GlobalSection(SolutionConfigurationPlatforms) = preSolution
		Debug|Any CPU = Debug|Any CPU
		Release|Any CPU = Release|Any CPU
	EndGlobalSection
	GlobalSection(ProjectConfigurationPlatforms) = postSolution
		{4C4D80D6-3A57-4322-BA9C-11599F82B585}.Debug|Any CPU.ActiveCfg = Debug|Any CPU
		{4C4D80D6-3A57-4322-BA9C-11599F82B585}.Debug|Any CPU.Build.0 = Debug|Any CPU
		{4C4D80D6-3A57-4322-BA9C-11599F82B585}.Release|Any CPU.ActiveCfg = Release|Any CPU
		{4C4D80D6-3A57-4322-BA9C-11599F82B585}.Release|Any CPU.Build.0 = Release|Any CPU
	EndGlobalSection
	GlobalSection(SolutionProperties) = preSolution
		HideSolutionNode = FALSE
	EndGlobalSection
	GlobalSection(ExtensibilityGlobals) = postSolution
		SolutionGuid = {341593A8-38E8-44E1-9D71-203D0DAF0F77}
	EndGlobalSection
EndGlobal
