
Microsoft Visual Studio Solution File, Format Version 12.00
# Visual Studio Version 17
VisualStudioVersion = 17.9.34728.123
MinimumVisualStudioVersion = 10.0.40219.1
Project("{FAE04EC0-301F-11D3-BF4B-00C04F79EFBC}") = "CursoNelioAula26.4", "CursoNelioAula26.4\CursoNelioAula26.4.csproj", "{19F2F188-5D26-4595-B1B9-22EB1D051D04}"
EndProject
Global
	GlobalSection(SolutionConfigurationPlatforms) = preSolution
		Debug|Any CPU = Debug|Any CPU
		Release|Any CPU = Release|Any CPU
	EndGlobalSection
	GlobalSection(ProjectConfigurationPlatforms) = postSolution
		{19F2F188-5D26-4595-B1B9-22EB1D051D04}.Debug|Any CPU.ActiveCfg = Debug|Any CPU
		{19F2F188-5D26-4595-B1B9-22EB1D051D04}.Debug|Any CPU.Build.0 = Debug|Any CPU
		{19F2F188-5D26-4595-B1B9-22EB1D051D04}.Release|Any CPU.ActiveCfg = Release|Any CPU
		{19F2F188-5D26-4595-B1B9-22EB1D051D04}.Release|Any CPU.Build.0 = Release|Any CPU
	EndGlobalSection
	GlobalSection(SolutionProperties) = preSolution
		HideSolutionNode = FALSE
	EndGlobalSection
	GlobalSection(ExtensibilityGlobals) = postSolution
		SolutionGuid = {FEF27DB7-35BB-4FAA-9B6F-D77C5C1776B1}
	EndGlobalSection
EndGlobal
