
Microsoft Visual Studio Solution File, Format Version 12.00
# Visual Studio Version 17
VisualStudioVersion = 17.9.34728.123
MinimumVisualStudioVersion = 10.0.40219.1
Project("{FAE04EC0-301F-11D3-BF4B-00C04F79EFBC}") = "CursoNelioAula91.4", "CursoNelioAula91.4\CursoNelioAula91.4.csproj", "{BB966109-5ED3-42B5-96C9-0FC704656809}"
EndProject
Global
	GlobalSection(SolutionConfigurationPlatforms) = preSolution
		Debug|Any CPU = Debug|Any CPU
		Release|Any CPU = Release|Any CPU
	EndGlobalSection
	GlobalSection(ProjectConfigurationPlatforms) = postSolution
		{BB966109-5ED3-42B5-96C9-0FC704656809}.Debug|Any CPU.ActiveCfg = Debug|Any CPU
		{BB966109-5ED3-42B5-96C9-0FC704656809}.Debug|Any CPU.Build.0 = Debug|Any CPU
		{BB966109-5ED3-42B5-96C9-0FC704656809}.Release|Any CPU.ActiveCfg = Release|Any CPU
		{BB966109-5ED3-42B5-96C9-0FC704656809}.Release|Any CPU.Build.0 = Release|Any CPU
	EndGlobalSection
	GlobalSection(SolutionProperties) = preSolution
		HideSolutionNode = FALSE
	EndGlobalSection
	GlobalSection(ExtensibilityGlobals) = postSolution
		SolutionGuid = {1AEBB5C8-A131-4684-815C-6BADA5158975}
	EndGlobalSection
EndGlobal
