
Microsoft Visual Studio Solution File, Format Version 12.00
# Visual Studio Version 17
VisualStudioVersion = 17.10.35122.118
MinimumVisualStudioVersion = 10.0.40219.1
Project("{FAE04EC0-301F-11D3-BF4B-00C04F79EFBC}") = "Projeto_Xadrez_Curso_Nelio_Aula192.0", "Projeto_Xadrez_Curso_Nelio_Aula192.0.csproj", "{37499D26-7E21-45B4-9B6D-E5249DCA9231}"
EndProject
Global
	GlobalSection(SolutionConfigurationPlatforms) = preSolution
		Debug|Any CPU = Debug|Any CPU
		Release|Any CPU = Release|Any CPU
	EndGlobalSection
	GlobalSection(ProjectConfigurationPlatforms) = postSolution
		{37499D26-7E21-45B4-9B6D-E5249DCA9231}.Debug|Any CPU.ActiveCfg = Debug|Any CPU
		{37499D26-7E21-45B4-9B6D-E5249DCA9231}.Debug|Any CPU.Build.0 = Debug|Any CPU
		{37499D26-7E21-45B4-9B6D-E5249DCA9231}.Release|Any CPU.ActiveCfg = Release|Any CPU
		{37499D26-7E21-45B4-9B6D-E5249DCA9231}.Release|Any CPU.Build.0 = Release|Any CPU
	EndGlobalSection
	GlobalSection(SolutionProperties) = preSolution
		HideSolutionNode = FALSE
	EndGlobalSection
	GlobalSection(ExtensibilityGlobals) = postSolution
		SolutionGuid = {5199B5BE-F232-4C1A-8196-03832D7814EF}
	EndGlobalSection
EndGlobal
