
Microsoft Visual Studio Solution File, Format Version 12.00
# Visual Studio Version 17
VisualStudioVersion = 17.9.34728.123
MinimumVisualStudioVersion = 10.0.40219.1
Project("{FAE04EC0-301F-11D3-BF4B-00C04F79EFBC}") = "CursoNelioAula91.13", "CursoNelioAula91.13\CursoNelioAula91.13.csproj", "{A570EEC1-138F-443B-AA55-838EBC44E353}"
EndProject
Global
	GlobalSection(SolutionConfigurationPlatforms) = preSolution
		Debug|Any CPU = Debug|Any CPU
		Release|Any CPU = Release|Any CPU
	EndGlobalSection
	GlobalSection(ProjectConfigurationPlatforms) = postSolution
		{A570EEC1-138F-443B-AA55-838EBC44E353}.Debug|Any CPU.ActiveCfg = Debug|Any CPU
		{A570EEC1-138F-443B-AA55-838EBC44E353}.Debug|Any CPU.Build.0 = Debug|Any CPU
		{A570EEC1-138F-443B-AA55-838EBC44E353}.Release|Any CPU.ActiveCfg = Release|Any CPU
		{A570EEC1-138F-443B-AA55-838EBC44E353}.Release|Any CPU.Build.0 = Release|Any CPU
	EndGlobalSection
	GlobalSection(SolutionProperties) = preSolution
		HideSolutionNode = FALSE
	EndGlobalSection
	GlobalSection(ExtensibilityGlobals) = postSolution
		SolutionGuid = {24886C40-19AB-4AD7-985C-A01ED182725A}
	EndGlobalSection
EndGlobal
