
Microsoft Visual Studio Solution File, Format Version 12.00
# Visual Studio Version 17
VisualStudioVersion = 17.9.34728.123
MinimumVisualStudioVersion = 10.0.40219.1
Project("{FAE04EC0-301F-11D3-BF4B-00C04F79EFBC}") = "CursoNelioAula77.1", "CursoNelioAula77.1\CursoNelioAula77.1.csproj", "{A34B9E90-DB35-4B77-80EC-D787F4DFC55C}"
EndProject
Global
	GlobalSection(SolutionConfigurationPlatforms) = preSolution
		Debug|Any CPU = Debug|Any CPU
		Release|Any CPU = Release|Any CPU
	EndGlobalSection
	GlobalSection(ProjectConfigurationPlatforms) = postSolution
		{A34B9E90-DB35-4B77-80EC-D787F4DFC55C}.Debug|Any CPU.ActiveCfg = Debug|Any CPU
		{A34B9E90-DB35-4B77-80EC-D787F4DFC55C}.Debug|Any CPU.Build.0 = Debug|Any CPU
		{A34B9E90-DB35-4B77-80EC-D787F4DFC55C}.Release|Any CPU.ActiveCfg = Release|Any CPU
		{A34B9E90-DB35-4B77-80EC-D787F4DFC55C}.Release|Any CPU.Build.0 = Release|Any CPU
	EndGlobalSection
	GlobalSection(SolutionProperties) = preSolution
		HideSolutionNode = FALSE
	EndGlobalSection
	GlobalSection(ExtensibilityGlobals) = postSolution
		SolutionGuid = {A2C7B989-579F-472D-B3F3-5CD21433933D}
	EndGlobalSection
EndGlobal
