
Microsoft Visual Studio Solution File, Format Version 12.00
# Visual Studio Version 17
VisualStudioVersion = 17.9.34728.123
MinimumVisualStudioVersion = 10.0.40219.1
Project("{FAE04EC0-301F-11D3-BF4B-00C04F79EFBC}") = "CursoNelioAula79.0", "CursoNelioAula79.0\CursoNelioAula79.0.csproj", "{640DD723-61B7-43EA-A26E-EF224D742582}"
EndProject
Global
	GlobalSection(SolutionConfigurationPlatforms) = preSolution
		Debug|Any CPU = Debug|Any CPU
		Release|Any CPU = Release|Any CPU
	EndGlobalSection
	GlobalSection(ProjectConfigurationPlatforms) = postSolution
		{640DD723-61B7-43EA-A26E-EF224D742582}.Debug|Any CPU.ActiveCfg = Debug|Any CPU
		{640DD723-61B7-43EA-A26E-EF224D742582}.Debug|Any CPU.Build.0 = Debug|Any CPU
		{640DD723-61B7-43EA-A26E-EF224D742582}.Release|Any CPU.ActiveCfg = Release|Any CPU
		{640DD723-61B7-43EA-A26E-EF224D742582}.Release|Any CPU.Build.0 = Release|Any CPU
	EndGlobalSection
	GlobalSection(SolutionProperties) = preSolution
		HideSolutionNode = FALSE
	EndGlobalSection
	GlobalSection(ExtensibilityGlobals) = postSolution
		SolutionGuid = {D94A6B9A-CAD9-4A5D-AE67-EF67A54049AD}
	EndGlobalSection
EndGlobal
