
Microsoft Visual Studio Solution File, Format Version 12.00
# Visual Studio Version 17
VisualStudioVersion = 17.9.34728.123
MinimumVisualStudioVersion = 10.0.40219.1
Project("{FAE04EC0-301F-11D3-BF4B-00C04F79EFBC}") = "CursoNelioAula89.2", "CursoNelioAula89.2\CursoNelioAula89.2.csproj", "{CF81BCAC-1E74-48BA-9883-C4E7AB1EAF39}"
EndProject
Global
	GlobalSection(SolutionConfigurationPlatforms) = preSolution
		Debug|Any CPU = Debug|Any CPU
		Release|Any CPU = Release|Any CPU
	EndGlobalSection
	GlobalSection(ProjectConfigurationPlatforms) = postSolution
		{CF81BCAC-1E74-48BA-9883-C4E7AB1EAF39}.Debug|Any CPU.ActiveCfg = Debug|Any CPU
		{CF81BCAC-1E74-48BA-9883-C4E7AB1EAF39}.Debug|Any CPU.Build.0 = Debug|Any CPU
		{CF81BCAC-1E74-48BA-9883-C4E7AB1EAF39}.Release|Any CPU.ActiveCfg = Release|Any CPU
		{CF81BCAC-1E74-48BA-9883-C4E7AB1EAF39}.Release|Any CPU.Build.0 = Release|Any CPU
	EndGlobalSection
	GlobalSection(SolutionProperties) = preSolution
		HideSolutionNode = FALSE
	EndGlobalSection
	GlobalSection(ExtensibilityGlobals) = postSolution
		SolutionGuid = {19913AC5-3B83-4672-92B7-C0535CE6AC57}
	EndGlobalSection
EndGlobal
