
Microsoft Visual Studio Solution File, Format Version 12.00
# Visual Studio Version 17
VisualStudioVersion = 17.9.34728.123
MinimumVisualStudioVersion = 10.0.40219.1
Project("{FAE04EC0-301F-11D3-BF4B-00C04F79EFBC}") = "CursoNelioAula34.1", "CursoNelioAula34.1\CursoNelioAula34.1.csproj", "{D3196D3D-CD0A-450D-9427-A3A16DE35261}"
EndProject
Global
	GlobalSection(SolutionConfigurationPlatforms) = preSolution
		Debug|Any CPU = Debug|Any CPU
		Release|Any CPU = Release|Any CPU
	EndGlobalSection
	GlobalSection(ProjectConfigurationPlatforms) = postSolution
		{D3196D3D-CD0A-450D-9427-A3A16DE35261}.Debug|Any CPU.ActiveCfg = Debug|Any CPU
		{D3196D3D-CD0A-450D-9427-A3A16DE35261}.Debug|Any CPU.Build.0 = Debug|Any CPU
		{D3196D3D-CD0A-450D-9427-A3A16DE35261}.Release|Any CPU.ActiveCfg = Release|Any CPU
		{D3196D3D-CD0A-450D-9427-A3A16DE35261}.Release|Any CPU.Build.0 = Release|Any CPU
	EndGlobalSection
	GlobalSection(SolutionProperties) = preSolution
		HideSolutionNode = FALSE
	EndGlobalSection
	GlobalSection(ExtensibilityGlobals) = postSolution
		SolutionGuid = {F0EA88B2-BCB7-42E9-B3CA-5005E20E76D9}
	EndGlobalSection
EndGlobal
