
Microsoft Visual Studio Solution File, Format Version 12.00
# Visual Studio Version 17
VisualStudioVersion = 17.10.35004.147
MinimumVisualStudioVersion = 10.0.40219.1
Project("{FAE04EC0-301F-11D3-BF4B-00C04F79EFBC}") = "Projeto_Xadrez_Curso_Nelio_Aula176.0", "Projeto_Xadrez_Curso_Nelio_Aula176.0.csproj", "{011E4AE1-DB30-4CE4-AA69-444496D16516}"
EndProject
Global
	GlobalSection(SolutionConfigurationPlatforms) = preSolution
		Debug|Any CPU = Debug|Any CPU
		Release|Any CPU = Release|Any CPU
	EndGlobalSection
	GlobalSection(ProjectConfigurationPlatforms) = postSolution
		{011E4AE1-DB30-4CE4-AA69-444496D16516}.Debug|Any CPU.ActiveCfg = Debug|Any CPU
		{011E4AE1-DB30-4CE4-AA69-444496D16516}.Debug|Any CPU.Build.0 = Debug|Any CPU
		{011E4AE1-DB30-4CE4-AA69-444496D16516}.Release|Any CPU.ActiveCfg = Release|Any CPU
		{011E4AE1-DB30-4CE4-AA69-444496D16516}.Release|Any CPU.Build.0 = Release|Any CPU
	EndGlobalSection
	GlobalSection(SolutionProperties) = preSolution
		HideSolutionNode = FALSE
	EndGlobalSection
	GlobalSection(ExtensibilityGlobals) = postSolution
		SolutionGuid = {E6D91CAE-CE77-41B5-97A3-98C6A70C1CA9}
	EndGlobalSection
EndGlobal
