
Microsoft Visual Studio Solution File, Format Version 12.00
# Visual Studio Version 17
VisualStudioVersion = 17.9.34728.123
MinimumVisualStudioVersion = 10.0.40219.1
Project("{FAE04EC0-301F-11D3-BF4B-00C04F79EFBC}") = "CursoNelioAula90.2", "CursoNelioAula90.2\CursoNelioAula90.2.csproj", "{F5628148-36FC-44AA-AAFB-D15E694753EA}"
EndProject
Global
	GlobalSection(SolutionConfigurationPlatforms) = preSolution
		Debug|Any CPU = Debug|Any CPU
		Release|Any CPU = Release|Any CPU
	EndGlobalSection
	GlobalSection(ProjectConfigurationPlatforms) = postSolution
		{F5628148-36FC-44AA-AAFB-D15E694753EA}.Debug|Any CPU.ActiveCfg = Debug|Any CPU
		{F5628148-36FC-44AA-AAFB-D15E694753EA}.Debug|Any CPU.Build.0 = Debug|Any CPU
		{F5628148-36FC-44AA-AAFB-D15E694753EA}.Release|Any CPU.ActiveCfg = Release|Any CPU
		{F5628148-36FC-44AA-AAFB-D15E694753EA}.Release|Any CPU.Build.0 = Release|Any CPU
	EndGlobalSection
	GlobalSection(SolutionProperties) = preSolution
		HideSolutionNode = FALSE
	EndGlobalSection
	GlobalSection(ExtensibilityGlobals) = postSolution
		SolutionGuid = {CF90C033-CA73-4421-B8D8-E5DB072F520D}
	EndGlobalSection
EndGlobal
